
Microsoft Visual Studio Solution File, Format Version 12.00
Project("{FAE04EC0-301F-11D3-BF4B-00C04F79EFBC}") = "dotnet-pack-local", "dotnet-pack-local\dotnet-pack-local.csproj", "{1316B6F3-06AC-4CEA-901D-AE923A8F161A}"
EndProject
Project("{9A19103F-16F7-4668-BE54-9A1E7A4F7556}") = "_build", "..\build\_build.csproj", "{E7BD822E-52FE-4484-B905-486CBCF6E9BA}"
EndProject
Global
	GlobalSection(SolutionConfigurationPlatforms) = preSolution
		Debug|Any CPU = Debug|Any CPU
		Release|Any CPU = Release|Any CPU
	EndGlobalSection
	GlobalSection(ProjectConfigurationPlatforms) = postSolution
		{E7BD822E-52FE-4484-B905-486CBCF6E9BA}.Debug|Any CPU.ActiveCfg = Debug|Any CPU
		{E7BD822E-52FE-4484-B905-486CBCF6E9BA}.Release|Any CPU.ActiveCfg = Release|Any CPU
		{1316B6F3-06AC-4CEA-901D-AE923A8F161A}.Debug|Any CPU.ActiveCfg = Debug|Any CPU
		{1316B6F3-06AC-4CEA-901D-AE923A8F161A}.Debug|Any CPU.Build.0 = Debug|Any CPU
		{1316B6F3-06AC-4CEA-901D-AE923A8F161A}.Release|Any CPU.ActiveCfg = Release|Any CPU
		{1316B6F3-06AC-4CEA-901D-AE923A8F161A}.Release|Any CPU.Build.0 = Release|Any CPU
	EndGlobalSection
EndGlobal
